
Microsoft Visual Studio Solution File, Format Version 12.00
# Visual Studio Version 16
VisualStudioVersion = 16.0.29519.87
MinimumVisualStudioVersion = 10.0.40219.1
Project("{9A19103F-16F7-4668-BE54-9A1E7A4F7556}") = "desafiokpgm", "desafiokpgm\desafiokpgm.csproj", "{9E824547-A3CA-43C9-9725-DEB325344283}"
EndProject
Project("{FAE04EC0-301F-11D3-BF4B-00C04F79EFBC}") = "Domain", "Domain\Domain.csproj", "{BA1FCFBC-1F80-4BA9-8389-C34E4D411446}"
EndProject
Project("{FAE04EC0-301F-11D3-BF4B-00C04F79EFBC}") = "Services", "Services\Services.csproj", "{73D65F9B-2070-4175-AA18-F43ABA0FBC6A}"
EndProject
Project("{FAE04EC0-301F-11D3-BF4B-00C04F79EFBC}") = "Infrastructure", "Infrastructure\Infrastructure.csproj", "{D7269546-A188-46EE-A197-3FDCB1540D6F}"
EndProject
Global
	GlobalSection(SolutionConfigurationPlatforms) = preSolution
		Debug|Any CPU = Debug|Any CPU
		Release|Any CPU = Release|Any CPU
	EndGlobalSection
	GlobalSection(ProjectConfigurationPlatforms) = postSolution
		{9E824547-A3CA-43C9-9725-DEB325344283}.Debug|Any CPU.ActiveCfg = Debug|Any CPU
		{9E824547-A3CA-43C9-9725-DEB325344283}.Debug|Any CPU.Build.0 = Debug|Any CPU
		{9E824547-A3CA-43C9-9725-DEB325344283}.Release|Any CPU.ActiveCfg = Release|Any CPU
		{9E824547-A3CA-43C9-9725-DEB325344283}.Release|Any CPU.Build.0 = Release|Any CPU
		{BA1FCFBC-1F80-4BA9-8389-C34E4D411446}.Debug|Any CPU.ActiveCfg = Debug|Any CPU
		{BA1FCFBC-1F80-4BA9-8389-C34E4D411446}.Debug|Any CPU.Build.0 = Debug|Any CPU
		{BA1FCFBC-1F80-4BA9-8389-C34E4D411446}.Release|Any CPU.ActiveCfg = Release|Any CPU
		{BA1FCFBC-1F80-4BA9-8389-C34E4D411446}.Release|Any CPU.Build.0 = Release|Any CPU
		{73D65F9B-2070-4175-AA18-F43ABA0FBC6A}.Debug|Any CPU.ActiveCfg = Debug|Any CPU
		{73D65F9B-2070-4175-AA18-F43ABA0FBC6A}.Debug|Any CPU.Build.0 = Debug|Any CPU
		{73D65F9B-2070-4175-AA18-F43ABA0FBC6A}.Release|Any CPU.ActiveCfg = Release|Any CPU
		{73D65F9B-2070-4175-AA18-F43ABA0FBC6A}.Release|Any CPU.Build.0 = Release|Any CPU
		{D7269546-A188-46EE-A197-3FDCB1540D6F}.Debug|Any CPU.ActiveCfg = Debug|Any CPU
		{D7269546-A188-46EE-A197-3FDCB1540D6F}.Debug|Any CPU.Build.0 = Debug|Any CPU
		{D7269546-A188-46EE-A197-3FDCB1540D6F}.Release|Any CPU.ActiveCfg = Release|Any CPU
		{D7269546-A188-46EE-A197-3FDCB1540D6F}.Release|Any CPU.Build.0 = Release|Any CPU
	EndGlobalSection
	GlobalSection(SolutionProperties) = preSolution
		HideSolutionNode = FALSE
	EndGlobalSection
	GlobalSection(ExtensibilityGlobals) = postSolution
		SolutionGuid = {9524728E-C5B3-4A7A-975B-FCE25F4AC607}
	EndGlobalSection
EndGlobal
